{
  "version": 4,
  "terraform_version": "1.14.8",
  "serial": 1,
  "lineage": "56ce160c-4e15-cc1d-a86d-c882b876eb6f",
  "outputs": {},
  "resources": [
    {
      "mode": "managed",
      "type": "azurerm_resource_group",
      "name": "this",
      "provider": "provider[\"registry.terraform.io/hashicorp/azurerm\"]",
      "instances": [
        {
          "schema_version": 0,
          "attributes": {
            "id": "/subscriptions/c0a25062-0085-4a60-9a41-034803132df2/resourceGroups/rg-myproject-dev",
            "location": "centralindia",
            "managed_by": "",
            "name": "rg-myproject-dev",
            "tags": {
              "Environment": "Dev",
              "ManagedBy": "Terraform"
            },
            "timeouts": null
          },
          "sensitive_attributes": [],
          "identity_schema_version": 0,
          "identity": {
            "name": "rg-myproject-dev",
            "subscription_id": "c0a25062-0085-4a60-9a41-034803132df2"
          },
          "private": "eyJlMmJmYjczMC1lY2FhLTExZTYtOGY4OC0zNDM2M2JjN2M0YzAiOnsiY3JlYXRlIjo1NDAwMDAwMDAwMDAwLCJkZWxldGUiOjU0MDAwMDAwMDAwMDAsInJlYWQiOjMwMDAwMDAwMDAwMCwidXBkYXRlIjo1NDAwMDAwMDAwMDAwfX0="
        }
      ]
    }
  ],
  "check_results": null
}
